
Microsoft Visual Studio Solution File, Format Version 12.00
# Visual Studio 15
VisualStudioVersion = 15.0.28307.1401
MinimumVisualStudioVersion = 10.0.40219.1
Project("{D2ABAB84-BF74-430A-B69E-9DC6D40DDA17}") = "final_project_CrossingsDWH", "MultidimensionalProject1\final_project_CrossingsDWH.dwproj", "{C7CB449A-47CB-4A36-B662-E7A2F101D9AA}"
EndProject
Global
	GlobalSection(SolutionConfigurationPlatforms) = preSolution
		Development|Default = Development|Default
	EndGlobalSection
	GlobalSection(ProjectConfigurationPlatforms) = postSolution
		{C7CB449A-47CB-4A36-B662-E7A2F101D9AA}.Development|Default.ActiveCfg = Development
		{C7CB449A-47CB-4A36-B662-E7A2F101D9AA}.Development|Default.Build.0 = Development
		{C7CB449A-47CB-4A36-B662-E7A2F101D9AA}.Development|Default.Deploy.0 = Development
	EndGlobalSection
	GlobalSection(SolutionProperties) = preSolution
		HideSolutionNode = FALSE
	EndGlobalSection
	GlobalSection(ExtensibilityGlobals) = postSolution
		SolutionGuid = {10247D16-D534-4D53-B92B-1EA7CF7F6EAC}
	EndGlobalSection
EndGlobal
